// !$*UTF8*$!
{
	archiveVersion = 1;
	classes = {
	};
	objectVersion = 56;
	objects = {

/* Begin PBXBuildFile section */
		291386362C93354500E79E63 /* ResultContentView.swift in Sources */ = {isa = PBXBuildFile; fileRef = 291386352C93354500E79E63 /* ResultContentView.swift */; };
		291386392C93359900E79E63 /* ResultHistoryView.swift in Sources */ = {isa = PBXBuildFile; fileRef = 291386382C93359900E79E63 /* ResultHistoryView.swift */; };
		2951B3A52CABE24700DF454C /* ResultDashboardView.swift in Sources */ = {isa = PBXBuildFile; fileRef = 2951B3A42CABE24700DF454C /* ResultDashboardView.swift */; };
		295B52FE2CA2B6820090CE1C /* UploadListView.swift in Sources */ = {isa = PBXBuildFile; fileRef = 295B52FD2CA2B6820090CE1C /* UploadListView.swift */; };
		29ACCDED2CAD8B870065C6E3 /* ResultGridAndCircleView.swift in Sources */ = {isa = PBXBuildFile; fileRef = 29ACCDEC2CAD8B870065C6E3 /* ResultGridAndCircleView.swift */; };
		29ACCDF02CAD8C700065C6E3 /* BusinessMonth.swift in Sources */ = {isa = PBXBuildFile; fileRef = 29ACCDEF2CAD8C6A0065C6E3 /* BusinessMonth.swift */; };
		29ACCDF62CAD90800065C6E3 /* protocols.swift in Sources */ = {isa = PBXBuildFile; fileRef = 29ACCDF52CAD90800065C6E3 /* protocols.swift */; };
		29B0913E2C9486330072F7BE /* UploadContentView.swift in Sources */ = {isa = PBXBuildFile; fileRef = 29B0913D2C9486320072F7BE /* UploadContentView.swift */; };
		29B091412C94902B0072F7BE /* UploadItem.swift in Sources */ = {isa = PBXBuildFile; fileRef = 29B091402C94902B0072F7BE /* UploadItem.swift */; };
		29B949192C7DB11200CC7F26 /* HeaderTitleView.swift in Sources */ = {isa = PBXBuildFile; fileRef = 29B949182C7DB11200CC7F26 /* HeaderTitleView.swift */; };
		29B9491F2C7DB3D600CC7F26 /* OrderItem.swift in Sources */ = {isa = PBXBuildFile; fileRef = 29B9491E2C7DB3D600CC7F26 /* OrderItem.swift */; };
		29B949222C7F0A5E00CC7F26 /* OrdersContentView.swift in Sources */ = {isa = PBXBuildFile; fileRef = 29B949212C7F0A5E00CC7F26 /* OrdersContentView.swift */; };
		29B949242C7F0AD500CC7F26 /* OrdersDetailView.swift in Sources */ = {isa = PBXBuildFile; fileRef = 29B949232C7F0AD500CC7F26 /* OrdersDetailView.swift */; };
		29B949272C7F0C1500CC7F26 /* PickingContentView.swift in Sources */ = {isa = PBXBuildFile; fileRef = 29B949262C7F0C1500CC7F26 /* PickingContentView.swift */; };
		29B949292C7F0CC400CC7F26 /* PickingDetailView.swift in Sources */ = {isa = PBXBuildFile; fileRef = 29B949282C7F0CC400CC7F26 /* PickingDetailView.swift */; };
		29B9492C2C80603900CC7F26 /* Feedback.swift in Sources */ = {isa = PBXBuildFile; fileRef = 29B9492B2C80603900CC7F26 /* Feedback.swift */; };
		29B9492E2C81A5B400CC7F26 /* PickingItemsView.swift in Sources */ = {isa = PBXBuildFile; fileRef = 29B9492D2C81A5B400CC7F26 /* PickingItemsView.swift */; };
		29B949302C81B7CE00CC7F26 /* ShippingCostView.swift in Sources */ = {isa = PBXBuildFile; fileRef = 29B9492F2C81B7CE00CC7F26 /* ShippingCostView.swift */; };
		29B949322C86EA8E00CC7F26 /* Transaction.swift in Sources */ = {isa = PBXBuildFile; fileRef = 29B949312C86EA8E00CC7F26 /* Transaction.swift */; };
		29B949342C86EEDF00CC7F26 /* CashFlowContentView.swift in Sources */ = {isa = PBXBuildFile; fileRef = 29B949332C86EEDF00CC7F26 /* CashFlowContentView.swift */; };
		29B949362C86F0BB00CC7F26 /* OrdersDetailDetailView.swift in Sources */ = {isa = PBXBuildFile; fileRef = 29B949352C86F0BB00CC7F26 /* OrdersDetailDetailView.swift */; };
		29B949382C86F2AA00CC7F26 /* OrdersDetailComptaView.swift in Sources */ = {isa = PBXBuildFile; fileRef = 29B949372C86F2AA00CC7F26 /* OrdersDetailComptaView.swift */; };
		29B9493B2C86F45800CC7F26 /* TransactionListView.swift in Sources */ = {isa = PBXBuildFile; fileRef = 29B9493A2C86F45800CC7F26 /* TransactionListView.swift */; };
		29B9493D2C87011F00CC7F26 /* CashFlowDetailView.swift in Sources */ = {isa = PBXBuildFile; fileRef = 29B9493C2C87011F00CC7F26 /* CashFlowDetailView.swift */; };
		29B949402C87029E00CC7F26 /* signedAmountColor.swift in Sources */ = {isa = PBXBuildFile; fileRef = 29B9493F2C87029E00CC7F26 /* signedAmountColor.swift */; };
		29B949432C87039300CC7F26 /* constants.swift in Sources */ = {isa = PBXBuildFile; fileRef = 29B949422C87039300CC7F26 /* constants.swift */; };
		29B949452C870C0900CC7F26 /* ProgressView.swift in Sources */ = {isa = PBXBuildFile; fileRef = 29B949442C870C0900CC7F26 /* ProgressView.swift */; };
		29B949472C87317300CC7F26 /* extensions.swift in Sources */ = {isa = PBXBuildFile; fileRef = 29B949462C87317300CC7F26 /* extensions.swift */; };
		29B949492C87336300CC7F26 /* CashFlowDetailDashboardItemView.swift in Sources */ = {isa = PBXBuildFile; fileRef = 29B949482C87336300CC7F26 /* CashFlowDetailDashboardItemView.swift */; };
		29B9494B2C898FEE00CC7F26 /* secrets.swift in Sources */ = {isa = PBXBuildFile; fileRef = 29B9494A2C898FEE00CC7F26 /* secrets.swift */; };
		29B9494D2C89CED200CC7F26 /* LegoColor.swift in Sources */ = {isa = PBXBuildFile; fileRef = 29B9494C2C89CED200CC7F26 /* LegoColor.swift */; };
		29B9494F2C8B25DA00CC7F26 /* OrderSummary.swift in Sources */ = {isa = PBXBuildFile; fileRef = 29B9494E2C8B25DA00CC7F26 /* OrderSummary.swift */; };
		29B949512C8B25E400CC7F26 /* OrderDetails.swift in Sources */ = {isa = PBXBuildFile; fileRef = 29B949502C8B25E400CC7F26 /* OrderDetails.swift */; };
		29B949532C8F2AC400CC7F26 /* InventoryItem.swift in Sources */ = {isa = PBXBuildFile; fileRef = 29B949522C8F2AC400CC7F26 /* InventoryItem.swift */; };
		29B949552C8F3D0800CC7F26 /* utils.swift in Sources */ = {isa = PBXBuildFile; fileRef = 29B949542C8F3D0800CC7F26 /* utils.swift */; };
		29BB30902C77B0CA000525CB /* App1.swift in Sources */ = {isa = PBXBuildFile; fileRef = 29BB308F2C77B0CA000525CB /* App1.swift */; };
		29BB30922C77B0CA000525CB /* ContentView.swift in Sources */ = {isa = PBXBuildFile; fileRef = 29BB30912C77B0CA000525CB /* ContentView.swift */; };
		29BB30942C77B0CB000525CB /* Assets.xcassets in Resources */ = {isa = PBXBuildFile; fileRef = 29BB30932C77B0CB000525CB /* Assets.xcassets */; };
		29BB30972C77B0CB000525CB /* Preview Assets.xcassets in Resources */ = {isa = PBXBuildFile; fileRef = 29BB30962C77B0CB000525CB /* Preview Assets.xcassets */; };
		29D34E322CAEEEEE009003B8 /* ResultCircleView.swift in Sources */ = {isa = PBXBuildFile; fileRef = 29D34E312CAEEEEE009003B8 /* ResultCircleView.swift */; };
		29D34E342CAEEFE3009003B8 /* ResultGridView.swift in Sources */ = {isa = PBXBuildFile; fileRef = 29D34E332CAEEFE3009003B8 /* ResultGridView.swift */; };
		29D6744D2C77BE8100BAA00A /* AppController.swift in Sources */ = {isa = PBXBuildFile; fileRef = 29D6744C2C77BE8100BAA00A /* AppController.swift */; };
		29D6744F2C77C14F00BAA00A /* DataStore.swift in Sources */ = {isa = PBXBuildFile; fileRef = 29D6744E2C77C14F00BAA00A /* DataStore.swift */; };
		29D674552C77C74F00BAA00A /* BrickLinkAPIAuth.swift in Sources */ = {isa = PBXBuildFile; fileRef = 29D674542C77C74F00BAA00A /* BrickLinkAPIAuth.swift */; };
		29D674582C77C7E300BAA00A /* CryptoSwift in Frameworks */ = {isa = PBXBuildFile; productRef = 29D674572C77C7E300BAA00A /* CryptoSwift */; };
		29D6745A2C77C84C00BAA00A /* BrickLinkAPIModels.swift in Sources */ = {isa = PBXBuildFile; fileRef = 29D674592C77C84C00BAA00A /* BrickLinkAPIModels.swift */; };
		29EDBB512CA069E900F77959 /* HTMLEntities in Frameworks */ = {isa = PBXBuildFile; productRef = 29EDBB502CA069E900F77959 /* HTMLEntities */; };
/* End PBXBuildFile section */

/* Begin PBXFileReference section */
		291386352C93354500E79E63 /* ResultContentView.swift */ = {isa = PBXFileReference; fileEncoding = 4; lastKnownFileType = sourcecode.swift; path = ResultContentView.swift; sourceTree = "<group>"; };
		291386382C93359900E79E63 /* ResultHistoryView.swift */ = {isa = PBXFileReference; fileEncoding = 4; lastKnownFileType = sourcecode.swift; path = ResultHistoryView.swift; sourceTree = "<group>"; };
		2951B3A42CABE24700DF454C /* ResultDashboardView.swift */ = {isa = PBXFileReference; fileEncoding = 4; lastKnownFileType = sourcecode.swift; path = ResultDashboardView.swift; sourceTree = "<group>"; };
		295B52FD2CA2B6820090CE1C /* UploadListView.swift */ = {isa = PBXFileReference; fileEncoding = 4; lastKnownFileType = sourcecode.swift; path = UploadListView.swift; sourceTree = "<group>"; };
		29ACCDEC2CAD8B870065C6E3 /* ResultGridAndCircleView.swift */ = {isa = PBXFileReference; fileEncoding = 4; lastKnownFileType = sourcecode.swift; path = ResultGridAndCircleView.swift; sourceTree = "<group>"; };
		29ACCDEF2CAD8C6A0065C6E3 /* BusinessMonth.swift */ = {isa = PBXFileReference; lastKnownFileType = sourcecode.swift; path = BusinessMonth.swift; sourceTree = "<group>"; };
		29ACCDF52CAD90800065C6E3 /* protocols.swift */ = {isa = PBXFileReference; lastKnownFileType = sourcecode.swift; path = protocols.swift; sourceTree = "<group>"; };
		29B0913D2C9486320072F7BE /* UploadContentView.swift */ = {isa = PBXFileReference; fileEncoding = 4; lastKnownFileType = sourcecode.swift; path = UploadContentView.swift; sourceTree = "<group>"; };
		29B091402C94902B0072F7BE /* UploadItem.swift */ = {isa = PBXFileReference; lastKnownFileType = sourcecode.swift; path = UploadItem.swift; sourceTree = "<group>"; };
		29B949182C7DB11200CC7F26 /* HeaderTitleView.swift */ = {isa = PBXFileReference; lastKnownFileType = sourcecode.swift; path = HeaderTitleView.swift; sourceTree = "<group>"; };
		29B9491E2C7DB3D600CC7F26 /* OrderItem.swift */ = {isa = PBXFileReference; fileEncoding = 4; lastKnownFileType = sourcecode.swift; path = OrderItem.swift; sourceTree = "<group>"; };
		29B949212C7F0A5E00CC7F26 /* OrdersContentView.swift */ = {isa = PBXFileReference; fileEncoding = 4; lastKnownFileType = sourcecode.swift; path = OrdersContentView.swift; sourceTree = "<group>"; };
		29B949232C7F0AD500CC7F26 /* OrdersDetailView.swift */ = {isa = PBXFileReference; fileEncoding = 4; lastKnownFileType = sourcecode.swift; path = OrdersDetailView.swift; sourceTree = "<group>"; };
		29B949262C7F0C1500CC7F26 /* PickingContentView.swift */ = {isa = PBXFileReference; fileEncoding = 4; lastKnownFileType = sourcecode.swift; path = PickingContentView.swift; sourceTree = "<group>"; };
		29B949282C7F0CC400CC7F26 /* PickingDetailView.swift */ = {isa = PBXFileReference; fileEncoding = 4; lastKnownFileType = sourcecode.swift; path = PickingDetailView.swift; sourceTree = "<group>"; };
		29B9492B2C80603900CC7F26 /* Feedback.swift */ = {isa = PBXFileReference; lastKnownFileType = sourcecode.swift; path = Feedback.swift; sourceTree = "<group>"; };
		29B9492D2C81A5B400CC7F26 /* PickingItemsView.swift */ = {isa = PBXFileReference; fileEncoding = 4; lastKnownFileType = sourcecode.swift; path = PickingItemsView.swift; sourceTree = "<group>"; };
		29B9492F2C81B7CE00CC7F26 /* ShippingCostView.swift */ = {isa = PBXFileReference; fileEncoding = 4; lastKnownFileType = sourcecode.swift; path = ShippingCostView.swift; sourceTree = "<group>"; };
		29B949312C86EA8E00CC7F26 /* Transaction.swift */ = {isa = PBXFileReference; fileEncoding = 4; lastKnownFileType = sourcecode.swift; path = Transaction.swift; sourceTree = "<group>"; };
		29B949332C86EEDF00CC7F26 /* CashFlowContentView.swift */ = {isa = PBXFileReference; fileEncoding = 4; lastKnownFileType = sourcecode.swift; path = CashFlowContentView.swift; sourceTree = "<group>"; };
		29B949352C86F0BB00CC7F26 /* OrdersDetailDetailView.swift */ = {isa = PBXFileReference; fileEncoding = 4; lastKnownFileType = sourcecode.swift; path = OrdersDetailDetailView.swift; sourceTree = "<group>"; };
		29B949372C86F2AA00CC7F26 /* OrdersDetailComptaView.swift */ = {isa = PBXFileReference; fileEncoding = 4; lastKnownFileType = sourcecode.swift; path = OrdersDetailComptaView.swift; sourceTree = "<group>"; };
		29B9493A2C86F45800CC7F26 /* TransactionListView.swift */ = {isa = PBXFileReference; fileEncoding = 4; lastKnownFileType = sourcecode.swift; path = TransactionListView.swift; sourceTree = "<group>"; };
		29B9493C2C87011F00CC7F26 /* CashFlowDetailView.swift */ = {isa = PBXFileReference; fileEncoding = 4; lastKnownFileType = sourcecode.swift; path = CashFlowDetailView.swift; sourceTree = "<group>"; };
		29B9493F2C87029E00CC7F26 /* signedAmountColor.swift */ = {isa = PBXFileReference; lastKnownFileType = sourcecode.swift; path = signedAmountColor.swift; sourceTree = "<group>"; };
		29B949422C87039300CC7F26 /* constants.swift */ = {isa = PBXFileReference; lastKnownFileType = sourcecode.swift; path = constants.swift; sourceTree = "<group>"; };
		29B949442C870C0900CC7F26 /* ProgressView.swift */ = {isa = PBXFileReference; lastKnownFileType = sourcecode.swift; path = ProgressView.swift; sourceTree = "<group>"; };
		29B949462C87317300CC7F26 /* extensions.swift */ = {isa = PBXFileReference; lastKnownFileType = sourcecode.swift; path = extensions.swift; sourceTree = "<group>"; };
		29B949482C87336300CC7F26 /* CashFlowDetailDashboardItemView.swift */ = {isa = PBXFileReference; fileEncoding = 4; lastKnownFileType = sourcecode.swift; path = CashFlowDetailDashboardItemView.swift; sourceTree = "<group>"; };
		29B9494A2C898FEE00CC7F26 /* secrets.swift */ = {isa = PBXFileReference; lastKnownFileType = sourcecode.swift; path = secrets.swift; sourceTree = "<group>"; };
		29B9494C2C89CED200CC7F26 /* LegoColor.swift */ = {isa = PBXFileReference; lastKnownFileType = sourcecode.swift; path = LegoColor.swift; sourceTree = "<group>"; };
		29B9494E2C8B25DA00CC7F26 /* OrderSummary.swift */ = {isa = PBXFileReference; fileEncoding = 4; lastKnownFileType = sourcecode.swift; path = OrderSummary.swift; sourceTree = "<group>"; };
		29B949502C8B25E400CC7F26 /* OrderDetails.swift */ = {isa = PBXFileReference; fileEncoding = 4; lastKnownFileType = sourcecode.swift; path = OrderDetails.swift; sourceTree = "<group>"; };
		29B949522C8F2AC400CC7F26 /* InventoryItem.swift */ = {isa = PBXFileReference; fileEncoding = 4; lastKnownFileType = sourcecode.swift; path = InventoryItem.swift; sourceTree = "<group>"; };
		29B949542C8F3D0800CC7F26 /* utils.swift */ = {isa = PBXFileReference; lastKnownFileType = sourcecode.swift; path = utils.swift; sourceTree = "<group>"; };
		29BB308C2C77B0CA000525CB /* App1.app */ = {isa = PBXFileReference; explicitFileType = wrapper.application; includeInIndex = 0; path = App1.app; sourceTree = BUILT_PRODUCTS_DIR; };
		29BB308F2C77B0CA000525CB /* App1.swift */ = {isa = PBXFileReference; lastKnownFileType = sourcecode.swift; path = App1.swift; sourceTree = "<group>"; };
		29BB30912C77B0CA000525CB /* ContentView.swift */ = {isa = PBXFileReference; lastKnownFileType = sourcecode.swift; path = ContentView.swift; sourceTree = "<group>"; };
		29BB30932C77B0CB000525CB /* Assets.xcassets */ = {isa = PBXFileReference; lastKnownFileType = folder.assetcatalog; path = Assets.xcassets; sourceTree = "<group>"; };
		29BB30962C77B0CB000525CB /* Preview Assets.xcassets */ = {isa = PBXFileReference; lastKnownFileType = folder.assetcatalog; path = "Preview Assets.xcassets"; sourceTree = "<group>"; };
		29BB30982C77B0CB000525CB /* App1.entitlements */ = {isa = PBXFileReference; lastKnownFileType = text.plist.entitlements; path = App1.entitlements; sourceTree = "<group>"; };
		29D34E312CAEEEEE009003B8 /* ResultCircleView.swift */ = {isa = PBXFileReference; fileEncoding = 4; lastKnownFileType = sourcecode.swift; path = ResultCircleView.swift; sourceTree = "<group>"; };
		29D34E332CAEEFE3009003B8 /* ResultGridView.swift */ = {isa = PBXFileReference; fileEncoding = 4; lastKnownFileType = sourcecode.swift; path = ResultGridView.swift; sourceTree = "<group>"; };
		29D6744C2C77BE8100BAA00A /* AppController.swift */ = {isa = PBXFileReference; lastKnownFileType = sourcecode.swift; path = AppController.swift; sourceTree = "<group>"; };
		29D6744E2C77C14F00BAA00A /* DataStore.swift */ = {isa = PBXFileReference; lastKnownFileType = sourcecode.swift; path = DataStore.swift; sourceTree = "<group>"; };
		29D674542C77C74F00BAA00A /* BrickLinkAPIAuth.swift */ = {isa = PBXFileReference; fileEncoding = 4; lastKnownFileType = sourcecode.swift; path = BrickLinkAPIAuth.swift; sourceTree = "<group>"; };
		29D674592C77C84C00BAA00A /* BrickLinkAPIModels.swift */ = {isa = PBXFileReference; fileEncoding = 4; lastKnownFileType = sourcecode.swift; path = BrickLinkAPIModels.swift; sourceTree = "<group>"; };
/* End PBXFileReference section */

/* Begin PBXFrameworksBuildPhase section */
		29BB30892C77B0CA000525CB /* Frameworks */ = {
			isa = PBXFrameworksBuildPhase;
			buildActionMask = 2147483647;
			files = (
				29EDBB512CA069E900F77959 /* HTMLEntities in Frameworks */,
				29D674582C77C7E300BAA00A /* CryptoSwift in Frameworks */,
			);
			runOnlyForDeploymentPostprocessing = 0;
		};
/* End PBXFrameworksBuildPhase section */

/* Begin PBXGroup section */
		291386372C93354D00E79E63 /* Result */ = {
			isa = PBXGroup;
			children = (
				291386352C93354500E79E63 /* ResultContentView.swift */,
				2951B3A42CABE24700DF454C /* ResultDashboardView.swift */,
				291386382C93359900E79E63 /* ResultHistoryView.swift */,
				29ACCDEC2CAD8B870065C6E3 /* ResultGridAndCircleView.swift */,
				29D34E332CAEEFE3009003B8 /* ResultGridView.swift */,
				29D34E312CAEEEEE009003B8 /* ResultCircleView.swift */,
			);
			path = Result;
			sourceTree = "<group>";
		};
		29ACCDEE2CAD8C620065C6E3 /* Types */ = {
			isa = PBXGroup;
			children = (
				29ACCDEF2CAD8C6A0065C6E3 /* BusinessMonth.swift */,
			);
			path = Types;
			sourceTree = "<group>";
		};
		29B0913F2C9488630072F7BE /* Upload */ = {
			isa = PBXGroup;
			children = (
				29B0913D2C9486320072F7BE /* UploadContentView.swift */,
				295B52FD2CA2B6820090CE1C /* UploadListView.swift */,
			);
			path = Upload;
			sourceTree = "<group>";
		};
		29B9491A2C7DB14D00CC7F26 /* Views */ = {
			isa = PBXGroup;
			children = (
				29B949182C7DB11200CC7F26 /* HeaderTitleView.swift */,
				29B9493A2C86F45800CC7F26 /* TransactionListView.swift */,
				29B949442C870C0900CC7F26 /* ProgressView.swift */,
			);
			path = Views;
			sourceTree = "<group>";
		};
		29B9491D2C7DB3AC00CC7F26 /* Models */ = {
			isa = PBXGroup;
			children = (
				29B9494E2C8B25DA00CC7F26 /* OrderSummary.swift */,
				29B949502C8B25E400CC7F26 /* OrderDetails.swift */,
				29B9491E2C7DB3D600CC7F26 /* OrderItem.swift */,
				29B9492B2C80603900CC7F26 /* Feedback.swift */,
				29B949312C86EA8E00CC7F26 /* Transaction.swift */,
				29B9494C2C89CED200CC7F26 /* LegoColor.swift */,
				29B949522C8F2AC400CC7F26 /* InventoryItem.swift */,
				29B091402C94902B0072F7BE /* UploadItem.swift */,
			);
			path = Models;
			sourceTree = "<group>";
		};
		29B949202C7F0A3D00CC7F26 /* Orders */ = {
			isa = PBXGroup;
			children = (
				29B949212C7F0A5E00CC7F26 /* OrdersContentView.swift */,
				29B949232C7F0AD500CC7F26 /* OrdersDetailView.swift */,
				29B949352C86F0BB00CC7F26 /* OrdersDetailDetailView.swift */,
				29B949372C86F2AA00CC7F26 /* OrdersDetailComptaView.swift */,
			);
			path = Orders;
			sourceTree = "<group>";
		};
		29B949252C7F0C0500CC7F26 /* Picking */ = {
			isa = PBXGroup;
			children = (
				29B949262C7F0C1500CC7F26 /* PickingContentView.swift */,
				29B949282C7F0CC400CC7F26 /* PickingDetailView.swift */,
				29B9492D2C81A5B400CC7F26 /* PickingItemsView.swift */,
				29B9492F2C81B7CE00CC7F26 /* ShippingCostView.swift */,
			);
			path = Picking;
			sourceTree = "<group>";
		};
		29B9492A2C80532F00CC7F26 /* BrickLink */ = {
			isa = PBXGroup;
			children = (
				29D674542C77C74F00BAA00A /* BrickLinkAPIAuth.swift */,
				29D674592C77C84C00BAA00A /* BrickLinkAPIModels.swift */,
			);
			path = BrickLink;
			sourceTree = "<group>";
		};
		29B949392C86F34C00CC7F26 /* CashFlow */ = {
			isa = PBXGroup;
			children = (
				29B949332C86EEDF00CC7F26 /* CashFlowContentView.swift */,
				29B9493C2C87011F00CC7F26 /* CashFlowDetailView.swift */,
				29B949482C87336300CC7F26 /* CashFlowDetailDashboardItemView.swift */,
			);
			path = CashFlow;
			sourceTree = "<group>";
		};
		29B9493E2C87028300CC7F26 /* Modifiers */ = {
			isa = PBXGroup;
			children = (
				29B9493F2C87029E00CC7F26 /* signedAmountColor.swift */,
			);
			path = Modifiers;
			sourceTree = "<group>";
		};
		29BB30832C77B0CA000525CB = {
			isa = PBXGroup;
			children = (
				29BB308E2C77B0CA000525CB /* App1 */,
				29BB308D2C77B0CA000525CB /* Products */,
			);
			sourceTree = "<group>";
		};
		29BB308D2C77B0CA000525CB /* Products */ = {
			isa = PBXGroup;
			children = (
				29BB308C2C77B0CA000525CB /* App1.app */,
			);
			name = Products;
			sourceTree = "<group>";
		};
		29BB308E2C77B0CA000525CB /* App1 */ = {
			isa = PBXGroup;
			children = (
				29BB30982C77B0CB000525CB /* App1.entitlements */,
				29BB30932C77B0CB000525CB /* Assets.xcassets */,
				29D6745B2C7DAD9F00BAA00A /* Src */,
				29BB30952C77B0CB000525CB /* Preview Content */,
			);
			path = App1;
			sourceTree = "<group>";
		};
		29BB30952C77B0CB000525CB /* Preview Content */ = {
			isa = PBXGroup;
			children = (
				29BB30962C77B0CB000525CB /* Preview Assets.xcassets */,
			);
			path = "Preview Content";
			sourceTree = "<group>";
		};
		29D6745B2C7DAD9F00BAA00A /* Src */ = {
			isa = PBXGroup;
			children = (
				29B949542C8F3D0800CC7F26 /* utils.swift */,
				29B9494A2C898FEE00CC7F26 /* secrets.swift */,
				29B949422C87039300CC7F26 /* constants.swift */,
				29B949462C87317300CC7F26 /* extensions.swift */,
				29ACCDF52CAD90800065C6E3 /* protocols.swift */,
				29BB308F2C77B0CA000525CB /* App1.swift */,
				29D6744C2C77BE8100BAA00A /* AppController.swift */,
				29D6744E2C77C14F00BAA00A /* DataStore.swift */,
				29BB30912C77B0CA000525CB /* ContentView.swift */,
				29B9492A2C80532F00CC7F26 /* BrickLink */,
				29ACCDEE2CAD8C620065C6E3 /* Types */,
				29B9491D2C7DB3AC00CC7F26 /* Models */,
				29B9491A2C7DB14D00CC7F26 /* Views */,
				29B9493E2C87028300CC7F26 /* Modifiers */,
				29B949202C7F0A3D00CC7F26 /* Orders */,
				29B949252C7F0C0500CC7F26 /* Picking */,
				29B0913F2C9488630072F7BE /* Upload */,
				291386372C93354D00E79E63 /* Result */,
				29B949392C86F34C00CC7F26 /* CashFlow */,
			);
			path = Src;
			sourceTree = "<group>";
		};
/* End PBXGroup section */

/* Begin PBXNativeTarget section */
		29BB308B2C77B0CA000525CB /* App1 */ = {
			isa = PBXNativeTarget;
			buildConfigurationList = 29BB309B2C77B0CB000525CB /* Build configuration list for PBXNativeTarget "App1" */;
			buildPhases = (
				29BB30882C77B0CA000525CB /* Sources */,
				29BB30892C77B0CA000525CB /* Frameworks */,
				29BB308A2C77B0CA000525CB /* Resources */,
			);
			buildRules = (
			);
			dependencies = (
			);
			name = App1;
			packageProductDependencies = (
				29D674572C77C7E300BAA00A /* CryptoSwift */,
				29EDBB502CA069E900F77959 /* HTMLEntities */,
			);
			productName = BrickLinkApp1;
			productReference = 29BB308C2C77B0CA000525CB /* App1.app */;
			productType = "com.apple.product-type.application";
		};
/* End PBXNativeTarget section */

/* Begin PBXProject section */
		29BB30842C77B0CA000525CB /* Project object */ = {
			isa = PBXProject;
			attributes = {
				BuildIndependentTargetsInParallel = 1;
				LastSwiftUpdateCheck = 1540;
				LastUpgradeCheck = 1600;
				TargetAttributes = {
					29BB308B2C77B0CA000525CB = {
						CreatedOnToolsVersion = 15.4;
					};
				};
			};
			buildConfigurationList = 29BB30872C77B0CA000525CB /* Build configuration list for PBXProject "BrickLinkApp1" */;
			compatibilityVersion = "Xcode 14.0";
			developmentRegion = en;
			hasScannedForEncodings = 0;
			knownRegions = (
				en,
				Base,
			);
			mainGroup = 29BB30832C77B0CA000525CB;
			packageReferences = (
				29D674562C77C7E300BAA00A /* XCRemoteSwiftPackageReference "CryptoSwift" */,
				29EDBB4F2CA069E800F77959 /* XCRemoteSwiftPackageReference "swift-html-entities" */,
			);
			productRefGroup = 29BB308D2C77B0CA000525CB /* Products */;
			projectDirPath = "";
			projectRoot = "";
			targets = (
				29BB308B2C77B0CA000525CB /* App1 */,
			);
		};
/* End PBXProject section */

/* Begin PBXResourcesBuildPhase section */
		29BB308A2C77B0CA000525CB /* Resources */ = {
			isa = PBXResourcesBuildPhase;
			buildActionMask = 2147483647;
			files = (
				29BB30972C77B0CB000525CB /* Preview Assets.xcassets in Resources */,
				29BB30942C77B0CB000525CB /* Assets.xcassets in Resources */,
			);
			runOnlyForDeploymentPostprocessing = 0;
		};
/* End PBXResourcesBuildPhase section */

/* Begin PBXSourcesBuildPhase section */
		29BB30882C77B0CA000525CB /* Sources */ = {
			isa = PBXSourcesBuildPhase;
			buildActionMask = 2147483647;
			files = (
				29D34E342CAEEFE3009003B8 /* ResultGridView.swift in Sources */,
				291386362C93354500E79E63 /* ResultContentView.swift in Sources */,
				29D6745A2C77C84C00BAA00A /* BrickLinkAPIModels.swift in Sources */,
				29BB30922C77B0CA000525CB /* ContentView.swift in Sources */,
				29B9493D2C87011F00CC7F26 /* CashFlowDetailView.swift in Sources */,
				29B949492C87336300CC7F26 /* CashFlowDetailDashboardItemView.swift in Sources */,
				29B091412C94902B0072F7BE /* UploadItem.swift in Sources */,
				29B949342C86EEDF00CC7F26 /* CashFlowContentView.swift in Sources */,
				29B9492C2C80603900CC7F26 /* Feedback.swift in Sources */,
				29B9492E2C81A5B400CC7F26 /* PickingItemsView.swift in Sources */,
				29D34E322CAEEEEE009003B8 /* ResultCircleView.swift in Sources */,
				29B949242C7F0AD500CC7F26 /* OrdersDetailView.swift in Sources */,
				29D674552C77C74F00BAA00A /* BrickLinkAPIAuth.swift in Sources */,
				29B949272C7F0C1500CC7F26 /* PickingContentView.swift in Sources */,
				29ACCDF02CAD8C700065C6E3 /* BusinessMonth.swift in Sources */,
				29B949302C81B7CE00CC7F26 /* ShippingCostView.swift in Sources */,
				29B949322C86EA8E00CC7F26 /* Transaction.swift in Sources */,
				29ACCDF62CAD90800065C6E3 /* protocols.swift in Sources */,
				29B949292C7F0CC400CC7F26 /* PickingDetailView.swift in Sources */,
				291386392C93359900E79E63 /* ResultHistoryView.swift in Sources */,
				29B949512C8B25E400CC7F26 /* OrderDetails.swift in Sources */,
				29B949532C8F2AC400CC7F26 /* InventoryItem.swift in Sources */,
				29B949222C7F0A5E00CC7F26 /* OrdersContentView.swift in Sources */,
				29B949472C87317300CC7F26 /* extensions.swift in Sources */,
				29B9494B2C898FEE00CC7F26 /* secrets.swift in Sources */,
				29B9494D2C89CED200CC7F26 /* LegoColor.swift in Sources */,
				29ACCDED2CAD8B870065C6E3 /* ResultGridAndCircleView.swift in Sources */,
				29D6744F2C77C14F00BAA00A /* DataStore.swift in Sources */,
				29B949402C87029E00CC7F26 /* signedAmountColor.swift in Sources */,
				29B949382C86F2AA00CC7F26 /* OrdersDetailComptaView.swift in Sources */,
				29B0913E2C9486330072F7BE /* UploadContentView.swift in Sources */,
				29BB30902C77B0CA000525CB /* App1.swift in Sources */,
				295B52FE2CA2B6820090CE1C /* UploadListView.swift in Sources */,
				29B949552C8F3D0800CC7F26 /* utils.swift in Sources */,
				29B9491F2C7DB3D600CC7F26 /* OrderItem.swift in Sources */,
				29B949192C7DB11200CC7F26 /* HeaderTitleView.swift in Sources */,
				29B9493B2C86F45800CC7F26 /* TransactionListView.swift in Sources */,
				29D6744D2C77BE8100BAA00A /* AppController.swift in Sources */,
				29B949432C87039300CC7F26 /* constants.swift in Sources */,
				29B949362C86F0BB00CC7F26 /* OrdersDetailDetailView.swift in Sources */,
				29B949452C870C0900CC7F26 /* ProgressView.swift in Sources */,
				2951B3A52CABE24700DF454C /* ResultDashboardView.swift in Sources */,
				29B9494F2C8B25DA00CC7F26 /* OrderSummary.swift in Sources */,
			);
			runOnlyForDeploymentPostprocessing = 0;
		};
/* End PBXSourcesBuildPhase section */

/* Begin XCBuildConfiguration section */
		29BB30992C77B0CB000525CB /* Debug */ = {
			isa = XCBuildConfiguration;
			buildSettings = {
				ALWAYS_SEARCH_USER_PATHS = NO;
				ASSETCATALOG_COMPILER_GENERATE_SWIFT_ASSET_SYMBOL_EXTENSIONS = YES;
				CLANG_ANALYZER_NONNULL = YES;
				CLANG_ANALYZER_NUMBER_OBJECT_CONVERSION = YES_AGGRESSIVE;
				CLANG_CXX_LANGUAGE_STANDARD = "gnu++20";
				CLANG_ENABLE_MODULES = YES;
				CLANG_ENABLE_OBJC_ARC = YES;
				CLANG_ENABLE_OBJC_WEAK = YES;
				CLANG_WARN_BLOCK_CAPTURE_AUTORELEASING = YES;
				CLANG_WARN_BOOL_CONVERSION = YES;
				CLANG_WARN_COMMA = YES;
				CLANG_WARN_CONSTANT_CONVERSION = YES;
				CLANG_WARN_DEPRECATED_OBJC_IMPLEMENTATIONS = YES;
				CLANG_WARN_DIRECT_OBJC_ISA_USAGE = YES_ERROR;
				CLANG_WARN_DOCUMENTATION_COMMENTS = YES;
				CLANG_WARN_EMPTY_BODY = YES;
				CLANG_WARN_ENUM_CONVERSION = YES;
				CLANG_WARN_INFINITE_RECURSION = YES;
				CLANG_WARN_INT_CONVERSION = YES;
				CLANG_WARN_NON_LITERAL_NULL_CONVERSION = YES;
				CLANG_WARN_OBJC_IMPLICIT_RETAIN_SELF = YES;
				CLANG_WARN_OBJC_LITERAL_CONVERSION = YES;
				CLANG_WARN_OBJC_ROOT_CLASS = YES_ERROR;
				CLANG_WARN_QUOTED_INCLUDE_IN_FRAMEWORK_HEADER = YES;
				CLANG_WARN_RANGE_LOOP_ANALYSIS = YES;
				CLANG_WARN_STRICT_PROTOTYPES = YES;
				CLANG_WARN_SUSPICIOUS_MOVE = YES;
				CLANG_WARN_UNGUARDED_AVAILABILITY = YES_AGGRESSIVE;
				CLANG_WARN_UNREACHABLE_CODE = YES;
				CLANG_WARN__DUPLICATE_METHOD_MATCH = YES;
				COPY_PHASE_STRIP = NO;
				DEAD_CODE_STRIPPING = YES;
				DEBUG_INFORMATION_FORMAT = dwarf;
				ENABLE_STRICT_OBJC_MSGSEND = YES;
				ENABLE_TESTABILITY = YES;
				ENABLE_USER_SCRIPT_SANDBOXING = YES;
				GCC_C_LANGUAGE_STANDARD = gnu17;
				GCC_DYNAMIC_NO_PIC = NO;
				GCC_NO_COMMON_BLOCKS = YES;
				GCC_OPTIMIZATION_LEVEL = 0;
				GCC_PREPROCESSOR_DEFINITIONS = (
					"DEBUG=1",
					"$(inherited)",
				);
				GCC_WARN_64_TO_32_BIT_CONVERSION = YES;
				GCC_WARN_ABOUT_RETURN_TYPE = YES_ERROR;
				GCC_WARN_UNDECLARED_SELECTOR = YES;
				GCC_WARN_UNINITIALIZED_AUTOS = YES_AGGRESSIVE;
				GCC_WARN_UNUSED_FUNCTION = YES;
				GCC_WARN_UNUSED_VARIABLE = YES;
				LOCALIZATION_PREFERS_STRING_CATALOGS = YES;
				MACOSX_DEPLOYMENT_TARGET = 14.5;
				MTL_ENABLE_DEBUG_INFO = INCLUDE_SOURCE;
				MTL_FAST_MATH = YES;
				ONLY_ACTIVE_ARCH = YES;
				SDKROOT = macosx;
				SWIFT_ACTIVE_COMPILATION_CONDITIONS = "DEBUG $(inherited)";
				SWIFT_OPTIMIZATION_LEVEL = "-Onone";
			};
			name = Debug;
		};
		29BB309A2C77B0CB000525CB /* Release */ = {
			isa = XCBuildConfiguration;
			buildSettings = {
				ALWAYS_SEARCH_USER_PATHS = NO;
				ASSETCATALOG_COMPILER_GENERATE_SWIFT_ASSET_SYMBOL_EXTENSIONS = YES;
				CLANG_ANALYZER_NONNULL = YES;
				CLANG_ANALYZER_NUMBER_OBJECT_CONVERSION = YES_AGGRESSIVE;
				CLANG_CXX_LANGUAGE_STANDARD = "gnu++20";
				CLANG_ENABLE_MODULES = YES;
				CLANG_ENABLE_OBJC_ARC = YES;
				CLANG_ENABLE_OBJC_WEAK = YES;
				CLANG_WARN_BLOCK_CAPTURE_AUTORELEASING = YES;
				CLANG_WARN_BOOL_CONVERSION = YES;
				CLANG_WARN_COMMA = YES;
				CLANG_WARN_CONSTANT_CONVERSION = YES;
				CLANG_WARN_DEPRECATED_OBJC_IMPLEMENTATIONS = YES;
				CLANG_WARN_DIRECT_OBJC_ISA_USAGE = YES_ERROR;
				CLANG_WARN_DOCUMENTATION_COMMENTS = YES;
				CLANG_WARN_EMPTY_BODY = YES;
				CLANG_WARN_ENUM_CONVERSION = YES;
				CLANG_WARN_INFINITE_RECURSION = YES;
				CLANG_WARN_INT_CONVERSION = YES;
				CLANG_WARN_NON_LITERAL_NULL_CONVERSION = YES;
				CLANG_WARN_OBJC_IMPLICIT_RETAIN_SELF = YES;
				CLANG_WARN_OBJC_LITERAL_CONVERSION = YES;
				CLANG_WARN_OBJC_ROOT_CLASS = YES_ERROR;
				CLANG_WARN_QUOTED_INCLUDE_IN_FRAMEWORK_HEADER = YES;
				CLANG_WARN_RANGE_LOOP_ANALYSIS = YES;
				CLANG_WARN_STRICT_PROTOTYPES = YES;
				CLANG_WARN_SUSPICIOUS_MOVE = YES;
				CLANG_WARN_UNGUARDED_AVAILABILITY = YES_AGGRESSIVE;
				CLANG_WARN_UNREACHABLE_CODE = YES;
				CLANG_WARN__DUPLICATE_METHOD_MATCH = YES;
				COPY_PHASE_STRIP = NO;
				DEAD_CODE_STRIPPING = YES;
				DEBUG_INFORMATION_FORMAT = "dwarf-with-dsym";
				ENABLE_NS_ASSERTIONS = NO;
				ENABLE_STRICT_OBJC_MSGSEND = YES;
				ENABLE_USER_SCRIPT_SANDBOXING = YES;
				GCC_C_LANGUAGE_STANDARD = gnu17;
				GCC_NO_COMMON_BLOCKS = YES;
				GCC_WARN_64_TO_32_BIT_CONVERSION = YES;
				GCC_WARN_ABOUT_RETURN_TYPE = YES_ERROR;
				GCC_WARN_UNDECLARED_SELECTOR = YES;
				GCC_WARN_UNINITIALIZED_AUTOS = YES_AGGRESSIVE;
				GCC_WARN_UNUSED_FUNCTION = YES;
				GCC_WARN_UNUSED_VARIABLE = YES;
				LOCALIZATION_PREFERS_STRING_CATALOGS = YES;
				MACOSX_DEPLOYMENT_TARGET = 14.5;
				MTL_ENABLE_DEBUG_INFO = NO;
				MTL_FAST_MATH = YES;
				SDKROOT = macosx;
				SWIFT_COMPILATION_MODE = wholemodule;
			};
			name = Release;
		};
		29BB309C2C77B0CB000525CB /* Debug */ = {
			isa = XCBuildConfiguration;
			buildSettings = {
				ASSETCATALOG_COMPILER_APPICON_NAME = AppIcon;
				ASSETCATALOG_COMPILER_GLOBAL_ACCENT_COLOR_NAME = AccentColor;
				CODE_SIGN_ENTITLEMENTS = App1/App1.entitlements;
				CODE_SIGN_STYLE = Automatic;
				COMBINE_HIDPI_IMAGES = YES;
				CURRENT_PROJECT_VERSION = 1;
				DEAD_CODE_STRIPPING = YES;
				DEVELOPMENT_ASSET_PATHS = "\"App1/Preview Content\"";
				DEVELOPMENT_TEAM = E2Z62523JJ;
				ENABLE_HARDENED_RUNTIME = YES;
				ENABLE_PREVIEWS = YES;
				GENERATE_INFOPLIST_FILE = YES;
				INFOPLIST_KEY_NSHumanReadableCopyright = "";
				LD_RUNPATH_SEARCH_PATHS = (
					"$(inherited)",
					"@executable_path/../Frameworks",
				);
				MARKETING_VERSION = 1.0;
				PRODUCT_BUNDLE_IDENTIFIER = io.bintz.BrickLinkApp1;
				PRODUCT_NAME = "$(TARGET_NAME)";
				SWIFT_EMIT_LOC_STRINGS = YES;
				SWIFT_VERSION = 5.0;
			};
			name = Debug;
		};
		29BB309D2C77B0CB000525CB /* Release */ = {
			isa = XCBuildConfiguration;
			buildSettings = {
				ASSETCATALOG_COMPILER_APPICON_NAME = AppIcon;
				ASSETCATALOG_COMPILER_GLOBAL_ACCENT_COLOR_NAME = AccentColor;
				CODE_SIGN_ENTITLEMENTS = App1/App1.entitlements;
				CODE_SIGN_STYLE = Automatic;
				COMBINE_HIDPI_IMAGES = YES;
				CURRENT_PROJECT_VERSION = 1;
				DEAD_CODE_STRIPPING = YES;
				DEVELOPMENT_ASSET_PATHS = "\"App1/Preview Content\"";
				DEVELOPMENT_TEAM = E2Z62523JJ;
				ENABLE_HARDENED_RUNTIME = YES;
				ENABLE_PREVIEWS = YES;
				GENERATE_INFOPLIST_FILE = YES;
				INFOPLIST_KEY_NSHumanReadableCopyright = "";
				LD_RUNPATH_SEARCH_PATHS = (
					"$(inherited)",
					"@executable_path/../Frameworks",
				);
				MARKETING_VERSION = 1.0;
				PRODUCT_BUNDLE_IDENTIFIER = io.bintz.BrickLinkApp1;
				PRODUCT_NAME = "$(TARGET_NAME)";
				SWIFT_EMIT_LOC_STRINGS = YES;
				SWIFT_VERSION = 5.0;
			};
			name = Release;
		};
/* End XCBuildConfiguration section */

/* Begin XCConfigurationList section */
		29BB30872C77B0CA000525CB /* Build configuration list for PBXProject "BrickLinkApp1" */ = {
			isa = XCConfigurationList;
			buildConfigurations = (
				29BB30992C77B0CB000525CB /* Debug */,
				29BB309A2C77B0CB000525CB /* Release */,
			);
			defaultConfigurationIsVisible = 0;
			defaultConfigurationName = Release;
		};
		29BB309B2C77B0CB000525CB /* Build configuration list for PBXNativeTarget "App1" */ = {
			isa = XCConfigurationList;
			buildConfigurations = (
				29BB309C2C77B0CB000525CB /* Debug */,
				29BB309D2C77B0CB000525CB /* Release */,
			);
			defaultConfigurationIsVisible = 0;
			defaultConfigurationName = Release;
		};
/* End XCConfigurationList section */

/* Begin XCRemoteSwiftPackageReference section */
		29D674562C77C7E300BAA00A /* XCRemoteSwiftPackageReference "CryptoSwift" */ = {
			isa = XCRemoteSwiftPackageReference;
			repositoryURL = "https://github.com/krzyzanowskim/CryptoSwift.git";
			requirement = {
				kind = exactVersion;
				version = 1.8.3;
			};
		};
		29EDBB4F2CA069E800F77959 /* XCRemoteSwiftPackageReference "swift-html-entities" */ = {
			isa = XCRemoteSwiftPackageReference;
			repositoryURL = "https://github.com/Kitura/swift-html-entities.git";
			requirement = {
				kind = upToNextMajorVersion;
				minimumVersion = 4.0.1;
			};
		};
/* End XCRemoteSwiftPackageReference section */

/* Begin XCSwiftPackageProductDependency section */
		29D674572C77C7E300BAA00A /* CryptoSwift */ = {
			isa = XCSwiftPackageProductDependency;
			package = 29D674562C77C7E300BAA00A /* XCRemoteSwiftPackageReference "CryptoSwift" */;
			productName = CryptoSwift;
		};
		29EDBB502CA069E900F77959 /* HTMLEntities */ = {
			isa = XCSwiftPackageProductDependency;
			package = 29EDBB4F2CA069E800F77959 /* XCRemoteSwiftPackageReference "swift-html-entities" */;
			productName = HTMLEntities;
		};
/* End XCSwiftPackageProductDependency section */
	};
	rootObject = 29BB30842C77B0CA000525CB /* Project object */;
}
